<Solution>
  <Folder Name="/src/">
    <Project Path="src/AgentSkills.AppHost/AgentSkills.AppHost.csproj" Id="bafa1377-7f55-4a9f-a69e-a1b529e8e77f" />
    <Project Path="src/AgentSkills.Application/AgentSkills.Application.csproj" />
    <Project Path="src/AgentSkills.Core/AgentSkills.Core.csproj" />
    <Project Path="src/AgentSkills.Domain/AgentSkills.Domain.csproj" />
    <Project Path="src/AgentSkills.Infrastructure/AgentSkills.Infrastructure.csproj" />
    <Project Path="src/AgentSkills.ServiceDefaults/AgentSkills.ServiceDefaults.csproj" Id="8e69be66-0db7-4519-a7fa-acce2752505a" />
    <Project Path="src/AgentSkills.Workflows/AgentSkills.Workflows.csproj" />
    <Project Path="tests/AgentSkills.Workflows.Tests/AgentSkills.Workflows.Tests.csproj" />
  </Folder>
  <Project Path="eng/skill-validator/src/SkillValidator.csproj" />
  <Project Path="eng/skill-validator/tests/SkillValidator.Tests.csproj" />
  <Project Path="src/AgentSkills.AgentSystem/AgentSkills.AgentSystem.csproj" />
  <Project Path="src/AgentSkills.Api/AgentSkills.Api.csproj" />
  <Project Path="src/Mcp/AgentSkills.Mcp.Terminal/AgentSkills.Mcp.Terminal.csproj" />
  <Project Path="tests/AgentSkills.Workflows.Aspire.Tests/AgentSkills.Workflows.Aspire.Tests.csproj" />
</Solution>
